// !$*UTF8*$!
{
	archiveVersion = 1;
	classes = {
	};
	objectVersion = 46;
	objects = {

/* Begin PBXBuildFile section */
		D43DEDED1BC594CF009662DD /* AppDelegate.swift in Sources */ = {isa = PBXBuildFile; fileRef = D43DEDEC1BC594CF009662DD /* AppDelegate.swift */; };
		D43DEDEF1BC594CF009662DD /* ViewController.swift in Sources */ = {isa = PBXBuildFile; fileRef = D43DEDEE1BC594CF009662DD /* ViewController.swift */; };
		D43DEDF21BC594CF009662DD /* Main.storyboard in Resources */ = {isa = PBXBuildFile; fileRef = D43DEDF01BC594CF009662DD /* Main.storyboard */; };
		D43DEDF41BC594CF009662DD /* Assets.xcassets in Resources */ = {isa = PBXBuildFile; fileRef = D43DEDF31BC594CF009662DD /* Assets.xcassets */; };
		D43DEDF71BC594CF009662DD /* LaunchScreen.storyboard in Resources */ = {isa = PBXBuildFile; fileRef = D43DEDF51BC594CF009662DD /* LaunchScreen.storyboard */; };
		D43DEE021BC594CF009662DD /* SleepGameTests.swift in Sources */ = {isa = PBXBuildFile; fileRef = D43DEE011BC594CF009662DD /* SleepGameTests.swift */; };
		D43DEE0D1BC594CF009662DD /* SleepGameUITests.swift in Sources */ = {isa = PBXBuildFile; fileRef = D43DEE0C1BC594CF009662DD /* SleepGameUITests.swift */; };
		D43DEE1C1BC595F5009662DD /* SleepGameAPI.swift in Sources */ = {isa = PBXBuildFile; fileRef = D43DEE1B1BC595F5009662DD /* SleepGameAPI.swift */; };
		D43DEE1E1BC598E2009662DD /* UserAPI.swift in Sources */ = {isa = PBXBuildFile; fileRef = D43DEE1D1BC598E2009662DD /* UserAPI.swift */; };
		D43DEE241BC6333C009662DD /* MainTabViewController.swift in Sources */ = {isa = PBXBuildFile; fileRef = D43DEE231BC6333C009662DD /* MainTabViewController.swift */; };
		D43DEE281BC75323009662DD /* SleepAPI.swift in Sources */ = {isa = PBXBuildFile; fileRef = D43DEE271BC75323009662DD /* SleepAPI.swift */; };
		D44A98D91BE6E1010066840E /* king.png in Resources */ = {isa = PBXBuildFile; fileRef = D44A98D81BE6E1010066840E /* king.png */; };
		D460B81E1BEFB7EB00D81190 /* MySleepDataAPI.swift in Sources */ = {isa = PBXBuildFile; fileRef = D460B81D1BEFB7EB00D81190 /* MySleepDataAPI.swift */; };
		D49010F81BD975A0008A1F29 /* tri1.png in Resources */ = {isa = PBXBuildFile; fileRef = D49010F61BD975A0008A1F29 /* tri1.png */; };
		D49010F91BD975A0008A1F29 /* tri2.png in Resources */ = {isa = PBXBuildFile; fileRef = D49010F71BD975A0008A1F29 /* tri2.png */; };
		D49010FC1BD9891C008A1F29 /* CTModel.swift in Sources */ = {isa = PBXBuildFile; fileRef = D49010FB1BD9891C008A1F29 /* CTModel.swift */; };
		D49010FE1BD98A5B008A1F29 /* CTViewCell.swift in Sources */ = {isa = PBXBuildFile; fileRef = D49010FD1BD98A5B008A1F29 /* CTViewCell.swift */; };
		D4A4F5801BF45DC300F70EE2 /* OtherSleepDataAPI.swift in Sources */ = {isa = PBXBuildFile; fileRef = D4A4F57F1BF45DC300F70EE2 /* OtherSleepDataAPI.swift */; };
		D4B476681BD03F3C005A9BD0 /* StatusController.swift in Sources */ = {isa = PBXBuildFile; fileRef = D4B476671BD03F3C005A9BD0 /* StatusController.swift */; };
		D4B4766C1BD06152005A9BD0 /* zukky.jpg in Resources */ = {isa = PBXBuildFile; fileRef = D4B4766B1BD06152005A9BD0 /* zukky.jpg */; };
		D4B4766F1BD06164005A9BD0 /* suya.jpg in Resources */ = {isa = PBXBuildFile; fileRef = D4B4766D1BD06164005A9BD0 /* suya.jpg */; };
		D4B476701BD06164005A9BD0 /* sleeplog.jpg in Resources */ = {isa = PBXBuildFile; fileRef = D4B4766E1BD06164005A9BD0 /* sleeplog.jpg */; };
		D4B476721BD06375005A9BD0 /* MyPageViewController.swift in Sources */ = {isa = PBXBuildFile; fileRef = D4B476711BD06375005A9BD0 /* MyPageViewController.swift */; };
		D4B476741BD064C1005A9BD0 /* RankingViewController.swift in Sources */ = {isa = PBXBuildFile; fileRef = D4B476731BD064C1005A9BD0 /* RankingViewController.swift */; };
		D4B476761BD064FC005A9BD0 /* AchievementViewController.swift in Sources */ = {isa = PBXBuildFile; fileRef = D4B476751BD064FC005A9BD0 /* AchievementViewController.swift */; };
		D4B476781BD06536005A9BD0 /* ConfigViewController.swift in Sources */ = {isa = PBXBuildFile; fileRef = D4B476771BD06536005A9BD0 /* ConfigViewController.swift */; };
		D4B4767E1BD56806005A9BD0 /* MyPageDetailViewController.swift in Sources */ = {isa = PBXBuildFile; fileRef = D4B4767D1BD56806005A9BD0 /* MyPageDetailViewController.swift */; };
		D4B476811BD579FD005A9BD0 /* json.swift in Sources */ = {isa = PBXBuildFile; fileRef = D4B476801BD579FD005A9BD0 /* json.swift */; };
/* End PBXBuildFile section */

/* Begin PBXContainerItemProxy section */
		D43DEDFE1BC594CF009662DD /* PBXContainerItemProxy */ = {
			isa = PBXContainerItemProxy;
			containerPortal = D43DEDE11BC594CF009662DD /* Project object */;
			proxyType = 1;
			remoteGlobalIDString = D43DEDE81BC594CF009662DD;
			remoteInfo = SleepGame;
		};
		D43DEE091BC594CF009662DD /* PBXContainerItemProxy */ = {
			isa = PBXContainerItemProxy;
			containerPortal = D43DEDE11BC594CF009662DD /* Project object */;
			proxyType = 1;
			remoteGlobalIDString = D43DEDE81BC594CF009662DD;
			remoteInfo = SleepGame;
		};
		D4B476241BCFB12E005A9BD0 /* PBXContainerItemProxy */ = {
			isa = PBXContainerItemProxy;
			containerPortal = D43DEDE11BC594CF009662DD /* Project object */;
			proxyType = 1;
			remoteGlobalIDString = D43DEDE81BC594CF009662DD;
			remoteInfo = SleepGame;
		};
/* End PBXContainerItemProxy section */

/* Begin PBXCopyFilesBuildPhase section */
		D4B476311BCFB12E005A9BD0 /* Embed Frameworks */ = {
			isa = PBXCopyFilesBuildPhase;
			buildActionMask = 2147483647;
			dstPath = "";
			dstSubfolderSpec = 10;
			files = (
			);
			name = "Embed Frameworks";
			runOnlyForDeploymentPostprocessing = 0;
		};
/* End PBXCopyFilesBuildPhase section */

/* Begin PBXFileReference section */
		D43DEDE91BC594CF009662DD /* SleepGame.app */ = {isa = PBXFileReference; explicitFileType = wrapper.application; includeInIndex = 0; path = SleepGame.app; sourceTree = BUILT_PRODUCTS_DIR; };
		D43DEDEC1BC594CF009662DD /* AppDelegate.swift */ = {isa = PBXFileReference; lastKnownFileType = sourcecode.swift; path = AppDelegate.swift; sourceTree = "<group>"; };
		D43DEDEE1BC594CF009662DD /* ViewController.swift */ = {isa = PBXFileReference; lastKnownFileType = sourcecode.swift; path = ViewController.swift; sourceTree = "<group>"; };
		D43DEDF11BC594CF009662DD /* Base */ = {isa = PBXFileReference; lastKnownFileType = file.storyboard; name = Base; path = Base.lproj/Main.storyboard; sourceTree = "<group>"; };
		D43DEDF31BC594CF009662DD /* Assets.xcassets */ = {isa = PBXFileReference; lastKnownFileType = folder.assetcatalog; path = Assets.xcassets; sourceTree = "<group>"; };
		D43DEDF61BC594CF009662DD /* Base */ = {isa = PBXFileReference; lastKnownFileType = file.storyboard; name = Base; path = Base.lproj/LaunchScreen.storyboard; sourceTree = "<group>"; };
		D43DEDF81BC594CF009662DD /* Info.plist */ = {isa = PBXFileReference; lastKnownFileType = text.plist.xml; path = Info.plist; sourceTree = "<group>"; };
		D43DEDFD1BC594CF009662DD /* SleepGameTests.xctest */ = {isa = PBXFileReference; explicitFileType = wrapper.cfbundle; includeInIndex = 0; path = SleepGameTests.xctest; sourceTree = BUILT_PRODUCTS_DIR; };
		D43DEE011BC594CF009662DD /* SleepGameTests.swift */ = {isa = PBXFileReference; lastKnownFileType = sourcecode.swift; path = SleepGameTests.swift; sourceTree = "<group>"; };
		D43DEE031BC594CF009662DD /* Info.plist */ = {isa = PBXFileReference; lastKnownFileType = text.plist.xml; path = Info.plist; sourceTree = "<group>"; };
		D43DEE081BC594CF009662DD /* SleepGameUITests.xctest */ = {isa = PBXFileReference; explicitFileType = wrapper.cfbundle; includeInIndex = 0; path = SleepGameUITests.xctest; sourceTree = BUILT_PRODUCTS_DIR; };
		D43DEE0C1BC594CF009662DD /* SleepGameUITests.swift */ = {isa = PBXFileReference; lastKnownFileType = sourcecode.swift; path = SleepGameUITests.swift; sourceTree = "<group>"; };
		D43DEE0E1BC594CF009662DD /* Info.plist */ = {isa = PBXFileReference; lastKnownFileType = text.plist.xml; path = Info.plist; sourceTree = "<group>"; };
		D43DEE1B1BC595F5009662DD /* SleepGameAPI.swift */ = {isa = PBXFileReference; fileEncoding = 4; lastKnownFileType = sourcecode.swift; path = SleepGameAPI.swift; sourceTree = "<group>"; };
		D43DEE1D1BC598E2009662DD /* UserAPI.swift */ = {isa = PBXFileReference; fileEncoding = 4; lastKnownFileType = sourcecode.swift; path = UserAPI.swift; sourceTree = "<group>"; };
		D43DEE231BC6333C009662DD /* MainTabViewController.swift */ = {isa = PBXFileReference; fileEncoding = 4; lastKnownFileType = sourcecode.swift; path = MainTabViewController.swift; sourceTree = "<group>"; };
		D43DEE271BC75323009662DD /* SleepAPI.swift */ = {isa = PBXFileReference; fileEncoding = 4; lastKnownFileType = sourcecode.swift; path = SleepAPI.swift; sourceTree = "<group>"; };
		D44A98D81BE6E1010066840E /* king.png */ = {isa = PBXFileReference; lastKnownFileType = image.png; name = king.png; path = img/king.png; sourceTree = "<group>"; };
		D460B81D1BEFB7EB00D81190 /* MySleepDataAPI.swift */ = {isa = PBXFileReference; fileEncoding = 4; lastKnownFileType = sourcecode.swift; path = MySleepDataAPI.swift; sourceTree = "<group>"; };
		D49010F61BD975A0008A1F29 /* tri1.png */ = {isa = PBXFileReference; lastKnownFileType = image.png; name = tri1.png; path = img/tri1.png; sourceTree = "<group>"; };
		D49010F71BD975A0008A1F29 /* tri2.png */ = {isa = PBXFileReference; lastKnownFileType = image.png; name = tri2.png; path = img/tri2.png; sourceTree = "<group>"; };
		D49010FB1BD9891C008A1F29 /* CTModel.swift */ = {isa = PBXFileReference; fileEncoding = 4; lastKnownFileType = sourcecode.swift; path = CTModel.swift; sourceTree = "<group>"; };
		D49010FD1BD98A5B008A1F29 /* CTViewCell.swift */ = {isa = PBXFileReference; fileEncoding = 4; lastKnownFileType = sourcecode.swift; path = CTViewCell.swift; sourceTree = "<group>"; };
		D4A4F57F1BF45DC300F70EE2 /* OtherSleepDataAPI.swift */ = {isa = PBXFileReference; fileEncoding = 4; lastKnownFileType = sourcecode.swift; path = OtherSleepDataAPI.swift; sourceTree = "<group>"; };
		D4B476201BCFB12E005A9BD0 /* SleepGameAPITests.xctest */ = {isa = PBXFileReference; explicitFileType = wrapper.cfbundle; includeInIndex = 0; path = SleepGameAPITests.xctest; sourceTree = BUILT_PRODUCTS_DIR; };
		D4B476671BD03F3C005A9BD0 /* StatusController.swift */ = {isa = PBXFileReference; fileEncoding = 4; lastKnownFileType = sourcecode.swift; path = StatusController.swift; sourceTree = "<group>"; };
		D4B4766B1BD06152005A9BD0 /* zukky.jpg */ = {isa = PBXFileReference; lastKnownFileType = image.jpeg; name = zukky.jpg; path = img/zukky.jpg; sourceTree = "<group>"; };
		D4B4766D1BD06164005A9BD0 /* suya.jpg */ = {isa = PBXFileReference; lastKnownFileType = image.jpeg; name = suya.jpg; path = img/suya.jpg; sourceTree = "<group>"; };
		D4B4766E1BD06164005A9BD0 /* sleeplog.jpg */ = {isa = PBXFileReference; lastKnownFileType = image.jpeg; name = sleeplog.jpg; path = img/sleeplog.jpg; sourceTree = "<group>"; };
		D4B476711BD06375005A9BD0 /* MyPageViewController.swift */ = {isa = PBXFileReference; fileEncoding = 4; lastKnownFileType = sourcecode.swift; path = MyPageViewController.swift; sourceTree = "<group>"; };
		D4B476731BD064C1005A9BD0 /* RankingViewController.swift */ = {isa = PBXFileReference; fileEncoding = 4; lastKnownFileType = sourcecode.swift; path = RankingViewController.swift; sourceTree = "<group>"; };
		D4B476751BD064FC005A9BD0 /* AchievementViewController.swift */ = {isa = PBXFileReference; fileEncoding = 4; lastKnownFileType = sourcecode.swift; path = AchievementViewController.swift; sourceTree = "<group>"; };
		D4B476771BD06536005A9BD0 /* ConfigViewController.swift */ = {isa = PBXFileReference; fileEncoding = 4; lastKnownFileType = sourcecode.swift; path = ConfigViewController.swift; sourceTree = "<group>"; };
		D4B4767D1BD56806005A9BD0 /* MyPageDetailViewController.swift */ = {isa = PBXFileReference; fileEncoding = 4; lastKnownFileType = sourcecode.swift; path = MyPageDetailViewController.swift; sourceTree = "<group>"; };
		D4B476801BD579FD005A9BD0 /* json.swift */ = {isa = PBXFileReference; fileEncoding = 4; lastKnownFileType = sourcecode.swift; path = json.swift; sourceTree = "<group>"; };
/* End PBXFileReference section */

/* Begin PBXFrameworksBuildPhase section */
		D43DEDE61BC594CF009662DD /* Frameworks */ = {
			isa = PBXFrameworksBuildPhase;
			buildActionMask = 2147483647;
			files = (
			);
			runOnlyForDeploymentPostprocessing = 0;
		};
		D43DEDFA1BC594CF009662DD /* Frameworks */ = {
			isa = PBXFrameworksBuildPhase;
			buildActionMask = 2147483647;
			files = (
			);
			runOnlyForDeploymentPostprocessing = 0;
		};
		D43DEE051BC594CF009662DD /* Frameworks */ = {
			isa = PBXFrameworksBuildPhase;
			buildActionMask = 2147483647;
			files = (
			);
			runOnlyForDeploymentPostprocessing = 0;
		};
		D4B4761D1BCFB12E005A9BD0 /* Frameworks */ = {
			isa = PBXFrameworksBuildPhase;
			buildActionMask = 2147483647;
			files = (
			);
			runOnlyForDeploymentPostprocessing = 0;
		};
/* End PBXFrameworksBuildPhase section */

/* Begin PBXGroup section */
		D43DEDE01BC594CF009662DD = {
			isa = PBXGroup;
			children = (
				D43DEDEB1BC594CF009662DD /* SleepGame */,
				D43DEE001BC594CF009662DD /* SleepGameTests */,
				D43DEE0B1BC594CF009662DD /* SleepGameUITests */,
				D43DEDEA1BC594CF009662DD /* Products */,
			);
			sourceTree = "<group>";
		};
		D43DEDEA1BC594CF009662DD /* Products */ = {
			isa = PBXGroup;
			children = (
				D43DEDE91BC594CF009662DD /* SleepGame.app */,
				D43DEDFD1BC594CF009662DD /* SleepGameTests.xctest */,
				D43DEE081BC594CF009662DD /* SleepGameUITests.xctest */,
				D4B476201BCFB12E005A9BD0 /* SleepGameAPITests.xctest */,
			);
			name = Products;
			sourceTree = "<group>";
		};
		D43DEDEB1BC594CF009662DD /* SleepGame */ = {
			isa = PBXGroup;
			children = (
				D4B4767F1BD579EA005A9BD0 /* Supporting Files */,
				D43DEE221BC63318009662DD /* ViewController */,
				D49010FA1BD988F9008A1F29 /* Ranking */,
				D43DEE1A1BC595E0009662DD /* SleepGameAPI */,
				D4A4F57E1BF44FB400F70EE2 /* Model */,
				D43DEDEC1BC594CF009662DD /* AppDelegate.swift */,
				D43DEDF01BC594CF009662DD /* Main.storyboard */,
				D43DEDF31BC594CF009662DD /* Assets.xcassets */,
				D43DEDF51BC594CF009662DD /* LaunchScreen.storyboard */,
				D43DEDF81BC594CF009662DD /* Info.plist */,
				D43DEE1F1BC631FC009662DD /* Image */,
			);
			path = SleepGame;
			sourceTree = "<group>";
		};
		D43DEE001BC594CF009662DD /* SleepGameTests */ = {
			isa = PBXGroup;
			children = (
				D43DEE011BC594CF009662DD /* SleepGameTests.swift */,
				D43DEE031BC594CF009662DD /* Info.plist */,
			);
			path = SleepGameTests;
			sourceTree = "<group>";
		};
		D43DEE0B1BC594CF009662DD /* SleepGameUITests */ = {
			isa = PBXGroup;
			children = (
				D43DEE0C1BC594CF009662DD /* SleepGameUITests.swift */,
				D43DEE0E1BC594CF009662DD /* Info.plist */,
			);
			path = SleepGameUITests;
			sourceTree = "<group>";
		};
		D43DEE1A1BC595E0009662DD /* SleepGameAPI */ = {
			isa = PBXGroup;
			children = (
				D43DEE1B1BC595F5009662DD /* SleepGameAPI.swift */,
				D43DEE1D1BC598E2009662DD /* UserAPI.swift */,
				D43DEE271BC75323009662DD /* SleepAPI.swift */,
				D460B81D1BEFB7EB00D81190 /* MySleepDataAPI.swift */,
				D4A4F57F1BF45DC300F70EE2 /* OtherSleepDataAPI.swift */,
			);
			name = SleepGameAPI;
			sourceTree = "<group>";
		};
		D43DEE1F1BC631FC009662DD /* Image */ = {
			isa = PBXGroup;
			children = (
				D49010F61BD975A0008A1F29 /* tri1.png */,
				D49010F71BD975A0008A1F29 /* tri2.png */,
				D44A98D81BE6E1010066840E /* king.png */,
				D4B4766D1BD06164005A9BD0 /* suya.jpg */,
				D4B4766E1BD06164005A9BD0 /* sleeplog.jpg */,
				D4B4766B1BD06152005A9BD0 /* zukky.jpg */,
			);
			name = Image;
			sourceTree = "<group>";
		};
		D43DEE221BC63318009662DD /* ViewController */ = {
			isa = PBXGroup;
			children = (
				D43DEDEE1BC594CF009662DD /* ViewController.swift */,
				D43DEE231BC6333C009662DD /* MainTabViewController.swift */,
				D4B476671BD03F3C005A9BD0 /* StatusController.swift */,
				D4B476711BD06375005A9BD0 /* MyPageViewController.swift */,
				D4B476731BD064C1005A9BD0 /* RankingViewController.swift */,
				D4B476751BD064FC005A9BD0 /* AchievementViewController.swift */,
				D4B476771BD06536005A9BD0 /* ConfigViewController.swift */,
				D4B4767D1BD56806005A9BD0 /* MyPageDetailViewController.swift */,
			);
			name = ViewController;
			sourceTree = "<group>";
		};
		D49010FA1BD988F9008A1F29 /* Ranking */ = {
			isa = PBXGroup;
			children = (
				D49010FB1BD9891C008A1F29 /* CTModel.swift */,
				D49010FD1BD98A5B008A1F29 /* CTViewCell.swift */,
			);
			name = Ranking;
			sourceTree = "<group>";
		};
		D4A4F57E1BF44FB400F70EE2 /* Model */ = {
			isa = PBXGroup;
			children = (
			);
			name = Model;
			sourceTree = "<group>";
		};
		D4B4767F1BD579EA005A9BD0 /* Supporting Files */ = {
			isa = PBXGroup;
			children = (
				D4B476801BD579FD005A9BD0 /* json.swift */,
			);
			name = "Supporting Files";
			sourceTree = "<group>";
		};
/* End PBXGroup section */

/* Begin PBXNativeTarget section */
		D43DEDE81BC594CF009662DD /* SleepGame */ = {
			isa = PBXNativeTarget;
			buildConfigurationList = D43DEE111BC594CF009662DD /* Build configuration list for PBXNativeTarget "SleepGame" */;
			buildPhases = (
				D43DEDE51BC594CF009662DD /* Sources */,
				D43DEDE61BC594CF009662DD /* Frameworks */,
				D43DEDE71BC594CF009662DD /* Resources */,
				D4B476311BCFB12E005A9BD0 /* Embed Frameworks */,
			);
			buildRules = (
			);
			dependencies = (
			);
			name = SleepGame;
			productName = SleepGame;
			productReference = D43DEDE91BC594CF009662DD /* SleepGame.app */;
			productType = "com.apple.product-type.application";
		};
		D43DEDFC1BC594CF009662DD /* SleepGameTests */ = {
			isa = PBXNativeTarget;
			buildConfigurationList = D43DEE141BC594CF009662DD /* Build configuration list for PBXNativeTarget "SleepGameTests" */;
			buildPhases = (
				D43DEDF91BC594CF009662DD /* Sources */,
				D43DEDFA1BC594CF009662DD /* Frameworks */,
				D43DEDFB1BC594CF009662DD /* Resources */,
			);
			buildRules = (
			);
			dependencies = (
				D43DEDFF1BC594CF009662DD /* PBXTargetDependency */,
			);
			name = SleepGameTests;
			productName = SleepGameTests;
			productReference = D43DEDFD1BC594CF009662DD /* SleepGameTests.xctest */;
			productType = "com.apple.product-type.bundle.unit-test";
		};
		D43DEE071BC594CF009662DD /* SleepGameUITests */ = {
			isa = PBXNativeTarget;
			buildConfigurationList = D43DEE171BC594CF009662DD /* Build configuration list for PBXNativeTarget "SleepGameUITests" */;
			buildPhases = (
				D43DEE041BC594CF009662DD /* Sources */,
				D43DEE051BC594CF009662DD /* Frameworks */,
				D43DEE061BC594CF009662DD /* Resources */,
			);
			buildRules = (
			);
			dependencies = (
				D43DEE0A1BC594CF009662DD /* PBXTargetDependency */,
			);
			name = SleepGameUITests;
			productName = SleepGameUITests;
			productReference = D43DEE081BC594CF009662DD /* SleepGameUITests.xctest */;
			productType = "com.apple.product-type.bundle.ui-testing";
		};
		D4B4761F1BCFB12E005A9BD0 /* SleepGameAPITests */ = {
			isa = PBXNativeTarget;
			buildConfigurationList = D4B476321BCFB12E005A9BD0 /* Build configuration list for PBXNativeTarget "SleepGameAPITests" */;
			buildPhases = (
				D4B4761C1BCFB12E005A9BD0 /* Sources */,
				D4B4761D1BCFB12E005A9BD0 /* Frameworks */,
				D4B4761E1BCFB12E005A9BD0 /* Resources */,
			);
			buildRules = (
			);
			dependencies = (
				D4B476251BCFB12E005A9BD0 /* PBXTargetDependency */,
			);
			name = SleepGameAPITests;
			productName = SleepGameAPITests;
			productReference = D4B476201BCFB12E005A9BD0 /* SleepGameAPITests.xctest */;
			productType = "com.apple.product-type.bundle.unit-test";
		};
/* End PBXNativeTarget section */

/* Begin PBXProject section */
		D43DEDE11BC594CF009662DD /* Project object */ = {
			isa = PBXProject;
			attributes = {
				LastUpgradeCheck = 0700;
				ORGANIZATIONNAME = "Kazuki Egashira";
				TargetAttributes = {
					D43DEDE81BC594CF009662DD = {
						CreatedOnToolsVersion = 7.0.1;
					};
					D43DEDFC1BC594CF009662DD = {
						CreatedOnToolsVersion = 7.0.1;
						TestTargetID = D43DEDE81BC594CF009662DD;
					};
					D43DEE071BC594CF009662DD = {
						CreatedOnToolsVersion = 7.0.1;
						TestTargetID = D43DEDE81BC594CF009662DD;
					};
					D4B4761F1BCFB12E005A9BD0 = {
						CreatedOnToolsVersion = 7.0.1;
						TestTargetID = D43DEDE81BC594CF009662DD;
					};
				};
			};
			buildConfigurationList = D43DEDE41BC594CF009662DD /* Build configuration list for PBXProject "SleepGame" */;
			compatibilityVersion = "Xcode 3.2";
			developmentRegion = English;
			hasScannedForEncodings = 0;
			knownRegions = (
				en,
				Base,
			);
			mainGroup = D43DEDE01BC594CF009662DD;
			productRefGroup = D43DEDEA1BC594CF009662DD /* Products */;
			projectDirPath = "";
			projectRoot = "";
			targets = (
				D43DEDE81BC594CF009662DD /* SleepGame */,
				D43DEDFC1BC594CF009662DD /* SleepGameTests */,
				D43DEE071BC594CF009662DD /* SleepGameUITests */,
				D4B4761F1BCFB12E005A9BD0 /* SleepGameAPITests */,
			);
		};
/* End PBXProject section */

/* Begin PBXResourcesBuildPhase section */
		D43DEDE71BC594CF009662DD /* Resources */ = {
			isa = PBXResourcesBuildPhase;
			buildActionMask = 2147483647;
			files = (
				D4B476701BD06164005A9BD0 /* sleeplog.jpg in Resources */,
				D49010F81BD975A0008A1F29 /* tri1.png in Resources */,
				D44A98D91BE6E1010066840E /* king.png in Resources */,
				D43DEDF71BC594CF009662DD /* LaunchScreen.storyboard in Resources */,
				D4B4766F1BD06164005A9BD0 /* suya.jpg in Resources */,
				D49010F91BD975A0008A1F29 /* tri2.png in Resources */,
				D43DEDF41BC594CF009662DD /* Assets.xcassets in Resources */,
				D4B4766C1BD06152005A9BD0 /* zukky.jpg in Resources */,
				D43DEDF21BC594CF009662DD /* Main.storyboard in Resources */,
			);
			runOnlyForDeploymentPostprocessing = 0;
		};
		D43DEDFB1BC594CF009662DD /* Resources */ = {
			isa = PBXResourcesBuildPhase;
			buildActionMask = 2147483647;
			files = (
			);
			runOnlyForDeploymentPostprocessing = 0;
		};
		D43DEE061BC594CF009662DD /* Resources */ = {
			isa = PBXResourcesBuildPhase;
			buildActionMask = 2147483647;
			files = (
			);
			runOnlyForDeploymentPostprocessing = 0;
		};
		D4B4761E1BCFB12E005A9BD0 /* Resources */ = {
			isa = PBXResourcesBuildPhase;
			buildActionMask = 2147483647;
			files = (
			);
			runOnlyForDeploymentPostprocessing = 0;
		};
/* End PBXResourcesBuildPhase section */

/* Begin PBXSourcesBuildPhase section */
		D43DEDE51BC594CF009662DD /* Sources */ = {
			isa = PBXSourcesBuildPhase;
			buildActionMask = 2147483647;
			files = (
				D43DEE1C1BC595F5009662DD /* SleepGameAPI.swift in Sources */,
				D4B476721BD06375005A9BD0 /* MyPageViewController.swift in Sources */,
				D43DEE1E1BC598E2009662DD /* UserAPI.swift in Sources */,
				D4B476781BD06536005A9BD0 /* ConfigViewController.swift in Sources */,
				D43DEE281BC75323009662DD /* SleepAPI.swift in Sources */,
				D4A4F5801BF45DC300F70EE2 /* OtherSleepDataAPI.swift in Sources */,
				D4B476761BD064FC005A9BD0 /* AchievementViewController.swift in Sources */,
				D49010FC1BD9891C008A1F29 /* CTModel.swift in Sources */,
				D4B476681BD03F3C005A9BD0 /* StatusController.swift in Sources */,
				D43DEDEF1BC594CF009662DD /* ViewController.swift in Sources */,
				D49010FE1BD98A5B008A1F29 /* CTViewCell.swift in Sources */,
				D460B81E1BEFB7EB00D81190 /* MySleepDataAPI.swift in Sources */,
				D4B476811BD579FD005A9BD0 /* json.swift in Sources */,
				D4B4767E1BD56806005A9BD0 /* MyPageDetailViewController.swift in Sources */,
				D43DEDED1BC594CF009662DD /* AppDelegate.swift in Sources */,
				D43DEE241BC6333C009662DD /* MainTabViewController.swift in Sources */,
				D4B476741BD064C1005A9BD0 /* RankingViewController.swift in Sources */,
			);
			runOnlyForDeploymentPostprocessing = 0;
		};
		D43DEDF91BC594CF009662DD /* Sources */ = {
			isa = PBXSourcesBuildPhase;
			buildActionMask = 2147483647;
			files = (
				D43DEE021BC594CF009662DD /* SleepGameTests.swift in Sources */,
			);
			runOnlyForDeploymentPostprocessing = 0;
		};
		D43DEE041BC594CF009662DD /* Sources */ = {
			isa = PBXSourcesBuildPhase;
			buildActionMask = 2147483647;
			files = (
				D43DEE0D1BC594CF009662DD /* SleepGameUITests.swift in Sources */,
			);
			runOnlyForDeploymentPostprocessing = 0;
		};
		D4B4761C1BCFB12E005A9BD0 /* Sources */ = {
			isa = PBXSourcesBuildPhase;
			buildActionMask = 2147483647;
			files = (
			);
			runOnlyForDeploymentPostprocessing = 0;
		};
/* End PBXSourcesBuildPhase section */

/* Begin PBXTargetDependency section */
		D43DEDFF1BC594CF009662DD /* PBXTargetDependency */ = {
			isa = PBXTargetDependency;
			target = D43DEDE81BC594CF009662DD /* SleepGame */;
			targetProxy = D43DEDFE1BC594CF009662DD /* PBXContainerItemProxy */;
		};
		D43DEE0A1BC594CF009662DD /* PBXTargetDependency */ = {
			isa = PBXTargetDependency;
			target = D43DEDE81BC594CF009662DD /* SleepGame */;
			targetProxy = D43DEE091BC594CF009662DD /* PBXContainerItemProxy */;
		};
		D4B476251BCFB12E005A9BD0 /* PBXTargetDependency */ = {
			isa = PBXTargetDependency;
			target = D43DEDE81BC594CF009662DD /* SleepGame */;
			targetProxy = D4B476241BCFB12E005A9BD0 /* PBXContainerItemProxy */;
		};
/* End PBXTargetDependency section */

/* Begin PBXVariantGroup section */
		D43DEDF01BC594CF009662DD /* Main.storyboard */ = {
			isa = PBXVariantGroup;
			children = (
				D43DEDF11BC594CF009662DD /* Base */,
			);
			name = Main.storyboard;
			sourceTree = "<group>";
		};
		D43DEDF51BC594CF009662DD /* LaunchScreen.storyboard */ = {
			isa = PBXVariantGroup;
			children = (
				D43DEDF61BC594CF009662DD /* Base */,
			);
			name = LaunchScreen.storyboard;
			sourceTree = "<group>";
		};
/* End PBXVariantGroup section */

/* Begin XCBuildConfiguration section */
		D43DEE0F1BC594CF009662DD /* Debug */ = {
			isa = XCBuildConfiguration;
			buildSettings = {
				ALWAYS_SEARCH_USER_PATHS = NO;
				CLANG_CXX_LANGUAGE_STANDARD = "gnu++0x";
				CLANG_CXX_LIBRARY = "libc++";
				CLANG_ENABLE_MODULES = YES;
				CLANG_ENABLE_OBJC_ARC = YES;
				CLANG_WARN_BOOL_CONVERSION = YES;
				CLANG_WARN_CONSTANT_CONVERSION = YES;
				CLANG_WARN_DIRECT_OBJC_ISA_USAGE = YES_ERROR;
				CLANG_WARN_EMPTY_BODY = YES;
				CLANG_WARN_ENUM_CONVERSION = YES;
				CLANG_WARN_INT_CONVERSION = YES;
				CLANG_WARN_OBJC_ROOT_CLASS = YES_ERROR;
				CLANG_WARN_UNREACHABLE_CODE = YES;
				CLANG_WARN__DUPLICATE_METHOD_MATCH = YES;
				"CODE_SIGN_IDENTITY[sdk=iphoneos*]" = "iPhone Developer";
				COPY_PHASE_STRIP = NO;
				DEBUG_INFORMATION_FORMAT = dwarf;
				ENABLE_STRICT_OBJC_MSGSEND = YES;
				ENABLE_TESTABILITY = YES;
				GCC_C_LANGUAGE_STANDARD = gnu99;
				GCC_DYNAMIC_NO_PIC = NO;
				GCC_NO_COMMON_BLOCKS = YES;
				GCC_OPTIMIZATION_LEVEL = 0;
				GCC_PREPROCESSOR_DEFINITIONS = (
					"DEBUG=1",
					"$(inherited)",
				);
				GCC_WARN_64_TO_32_BIT_CONVERSION = YES;
				GCC_WARN_ABOUT_RETURN_TYPE = YES_ERROR;
				GCC_WARN_UNDECLARED_SELECTOR = YES;
				GCC_WARN_UNINITIALIZED_AUTOS = YES_AGGRESSIVE;
				GCC_WARN_UNUSED_FUNCTION = YES;
				GCC_WARN_UNUSED_VARIABLE = YES;
				IPHONEOS_DEPLOYMENT_TARGET = 9.0;
				MTL_ENABLE_DEBUG_INFO = YES;
				ONLY_ACTIVE_ARCH = YES;
				SDKROOT = iphoneos;
				SWIFT_OPTIMIZATION_LEVEL = "-Onone";
			};
			name = Debug;
		};
		D43DEE101BC594CF009662DD /* Release */ = {
			isa = XCBuildConfiguration;
			buildSettings = {
				ALWAYS_SEARCH_USER_PATHS = NO;
				CLANG_CXX_LANGUAGE_STANDARD = "gnu++0x";
				CLANG_CXX_LIBRARY = "libc++";
				CLANG_ENABLE_MODULES = YES;
				CLANG_ENABLE_OBJC_ARC = YES;
				CLANG_WARN_BOOL_CONVERSION = YES;
				CLANG_WARN_CONSTANT_CONVERSION = YES;
				CLANG_WARN_DIRECT_OBJC_ISA_USAGE = YES_ERROR;
				CLANG_WARN_EMPTY_BODY = YES;
				CLANG_WARN_ENUM_CONVERSION = YES;
				CLANG_WARN_INT_CONVERSION = YES;
				CLANG_WARN_OBJC_ROOT_CLASS = YES_ERROR;
				CLANG_WARN_UNREACHABLE_CODE = YES;
				CLANG_WARN__DUPLICATE_METHOD_MATCH = YES;
				"CODE_SIGN_IDENTITY[sdk=iphoneos*]" = "iPhone Developer";
				COPY_PHASE_STRIP = NO;
				DEBUG_INFORMATION_FORMAT = "dwarf-with-dsym";
				ENABLE_NS_ASSERTIONS = NO;
				ENABLE_STRICT_OBJC_MSGSEND = YES;
				GCC_C_LANGUAGE_STANDARD = gnu99;
				GCC_NO_COMMON_BLOCKS = YES;
				GCC_WARN_64_TO_32_BIT_CONVERSION = YES;
				GCC_WARN_ABOUT_RETURN_TYPE = YES_ERROR;
				GCC_WARN_UNDECLARED_SELECTOR = YES;
				GCC_WARN_UNINITIALIZED_AUTOS = YES_AGGRESSIVE;
				GCC_WARN_UNUSED_FUNCTION = YES;
				GCC_WARN_UNUSED_VARIABLE = YES;
				IPHONEOS_DEPLOYMENT_TARGET = 9.0;
				MTL_ENABLE_DEBUG_INFO = NO;
				SDKROOT = iphoneos;
				VALIDATE_PRODUCT = YES;
			};
			name = Release;
		};
		D43DEE121BC594CF009662DD /* Debug */ = {
			isa = XCBuildConfiguration;
			buildSettings = {
				ASSETCATALOG_COMPILER_APPICON_NAME = AppIcon;
				INFOPLIST_FILE = SleepGame/Info.plist;
				LD_RUNPATH_SEARCH_PATHS = "$(inherited) @executable_path/Frameworks";
				PRODUCT_BUNDLE_IDENTIFIER = ht.SleepGame;
				PRODUCT_NAME = "$(TARGET_NAME)";
			};
			name = Debug;
		};
		D43DEE131BC594CF009662DD /* Release */ = {
			isa = XCBuildConfiguration;
			buildSettings = {
				ASSETCATALOG_COMPILER_APPICON_NAME = AppIcon;
				INFOPLIST_FILE = SleepGame/Info.plist;
				LD_RUNPATH_SEARCH_PATHS = "$(inherited) @executable_path/Frameworks";
				PRODUCT_BUNDLE_IDENTIFIER = ht.SleepGame;
				PRODUCT_NAME = "$(TARGET_NAME)";
			};
			name = Release;
		};
		D43DEE151BC594CF009662DD /* Debug */ = {
			isa = XCBuildConfiguration;
			buildSettings = {
				BUNDLE_LOADER = "$(TEST_HOST)";
				INFOPLIST_FILE = SleepGameTests/Info.plist;
				LD_RUNPATH_SEARCH_PATHS = "$(inherited) @executable_path/Frameworks @loader_path/Frameworks";
				PRODUCT_BUNDLE_IDENTIFIER = ht.SleepGameTests;
				PRODUCT_NAME = "$(TARGET_NAME)";
				TEST_HOST = "$(BUILT_PRODUCTS_DIR)/SleepGame.app/SleepGame";
			};
			name = Debug;
		};
		D43DEE161BC594CF009662DD /* Release */ = {
			isa = XCBuildConfiguration;
			buildSettings = {
				BUNDLE_LOADER = "$(TEST_HOST)";
				INFOPLIST_FILE = SleepGameTests/Info.plist;
				LD_RUNPATH_SEARCH_PATHS = "$(inherited) @executable_path/Frameworks @loader_path/Frameworks";
				PRODUCT_BUNDLE_IDENTIFIER = ht.SleepGameTests;
				PRODUCT_NAME = "$(TARGET_NAME)";
				TEST_HOST = "$(BUILT_PRODUCTS_DIR)/SleepGame.app/SleepGame";
			};
			name = Release;
		};
		D43DEE181BC594CF009662DD /* Debug */ = {
			isa = XCBuildConfiguration;
			buildSettings = {
				INFOPLIST_FILE = SleepGameUITests/Info.plist;
				LD_RUNPATH_SEARCH_PATHS = "$(inherited) @executable_path/Frameworks @loader_path/Frameworks";
				PRODUCT_BUNDLE_IDENTIFIER = ht.SleepGameUITests;
				PRODUCT_NAME = "$(TARGET_NAME)";
				TEST_TARGET_NAME = SleepGame;
				USES_XCTRUNNER = YES;
			};
			name = Debug;
		};
		D43DEE191BC594CF009662DD /* Release */ = {
			isa = XCBuildConfiguration;
			buildSettings = {
				INFOPLIST_FILE = SleepGameUITests/Info.plist;
				LD_RUNPATH_SEARCH_PATHS = "$(inherited) @executable_path/Frameworks @loader_path/Frameworks";
				PRODUCT_BUNDLE_IDENTIFIER = ht.SleepGameUITests;
				PRODUCT_NAME = "$(TARGET_NAME)";
				TEST_TARGET_NAME = SleepGame;
				USES_XCTRUNNER = YES;
			};
			name = Release;
		};
		D4B476331BCFB12E005A9BD0 /* Debug */ = {
			isa = XCBuildConfiguration;
			buildSettings = {
				INFOPLIST_FILE = SleepGameAPITests/Info.plist;
				LD_RUNPATH_SEARCH_PATHS = "$(inherited) @executable_path/Frameworks @loader_path/Frameworks";
				PRODUCT_BUNDLE_IDENTIFIER = ht.SleepGameAPITests;
				PRODUCT_NAME = "$(TARGET_NAME)";
				TEST_HOST = "$(BUILT_PRODUCTS_DIR)/SleepGame.app/SleepGame";
			};
			name = Debug;
		};
		D4B476341BCFB12E005A9BD0 /* Release */ = {
			isa = XCBuildConfiguration;
			buildSettings = {
				INFOPLIST_FILE = SleepGameAPITests/Info.plist;
				LD_RUNPATH_SEARCH_PATHS = "$(inherited) @executable_path/Frameworks @loader_path/Frameworks";
				PRODUCT_BUNDLE_IDENTIFIER = ht.SleepGameAPITests;
				PRODUCT_NAME = "$(TARGET_NAME)";
				TEST_HOST = "$(BUILT_PRODUCTS_DIR)/SleepGame.app/SleepGame";
			};
			name = Release;
		};
/* End XCBuildConfiguration section */

/* Begin XCConfigurationList section */
		D43DEDE41BC594CF009662DD /* Build configuration list for PBXProject "SleepGame" */ = {
			isa = XCConfigurationList;
			buildConfigurations = (
				D43DEE0F1BC594CF009662DD /* Debug */,
				D43DEE101BC594CF009662DD /* Release */,
			);
			defaultConfigurationIsVisible = 0;
			defaultConfigurationName = Release;
		};
		D43DEE111BC594CF009662DD /* Build configuration list for PBXNativeTarget "SleepGame" */ = {
			isa = XCConfigurationList;
			buildConfigurations = (
				D43DEE121BC594CF009662DD /* Debug */,
				D43DEE131BC594CF009662DD /* Release */,
			);
			defaultConfigurationIsVisible = 0;
			defaultConfigurationName = Release;
		};
		D43DEE141BC594CF009662DD /* Build configuration list for PBXNativeTarget "SleepGameTests" */ = {
			isa = XCConfigurationList;
			buildConfigurations = (
				D43DEE151BC594CF009662DD /* Debug */,
				D43DEE161BC594CF009662DD /* Release */,
			);
			defaultConfigurationIsVisible = 0;
			defaultConfigurationName = Release;
		};
		D43DEE171BC594CF009662DD /* Build configuration list for PBXNativeTarget "SleepGameUITests" */ = {
			isa = XCConfigurationList;
			buildConfigurations = (
				D43DEE181BC594CF009662DD /* Debug */,
				D43DEE191BC594CF009662DD /* Release */,
			);
			defaultConfigurationIsVisible = 0;
			defaultConfigurationName = Release;
		};
		D4B476321BCFB12E005A9BD0 /* Build configuration list for PBXNativeTarget "SleepGameAPITests" */ = {
			isa = XCConfigurationList;
			buildConfigurations = (
				D4B476331BCFB12E005A9BD0 /* Debug */,
				D4B476341BCFB12E005A9BD0 /* Release */,
			);
			defaultConfigurationIsVisible = 0;
			defaultConfigurationName = Release;
		};
/* End XCConfigurationList section */
	};
	rootObject = D43DEDE11BC594CF009662DD /* Project object */;
}
